
Microsoft Visual Studio Solution File, Format Version 12.00
# Visual Studio Version 17
VisualStudioVersion = 17.0.31903.59
MinimumVisualStudioVersion = 10.0.40219.1
Project("{FAE04EC0-301F-11D3-BF4B-00C04F79EFBC}") = "Compras.Api", "Compras.Api\Compras.Api.csproj", "{FAB2D86A-AA07-4472-AAE4-1B372B9C5C7B}"
EndProject
Project("{FAE04EC0-301F-11D3-BF4B-00C04F79EFBC}") = "Compras.Application", "Compras.Application\Compras.Application.csproj", "{BF0B6A32-4CB6-46B9-8033-33D78DCDA3CC}"
EndProject
Project("{FAE04EC0-301F-11D3-BF4B-00C04F79EFBC}") = "Compras.Domain", "Compras.Domain\Compras.Domain.csproj", "{961BE9D6-9020-4512-AD99-C0DCB32CE4FB}"
EndProject
Project("{FAE04EC0-301F-11D3-BF4B-00C04F79EFBC}") = "Compras.Infrastructure", "Compras.Infrastructure\Compras.Infrastructure.csproj", "{C2818CA5-9DEB-46FD-812B-58EB938B2CBE}"
EndProject
Global
	GlobalSection(SolutionConfigurationPlatforms) = preSolution
		Debug|Any CPU = Debug|Any CPU
		Debug|x64 = Debug|x64
		Debug|x86 = Debug|x86
		Release|Any CPU = Release|Any CPU
		Release|x64 = Release|x64
		Release|x86 = Release|x86
	EndGlobalSection
	GlobalSection(ProjectConfigurationPlatforms) = postSolution
		{FAB2D86A-AA07-4472-AAE4-1B372B9C5C7B}.Debug|Any CPU.ActiveCfg = Debug|Any CPU
		{FAB2D86A-AA07-4472-AAE4-1B372B9C5C7B}.Debug|Any CPU.Build.0 = Debug|Any CPU
		{FAB2D86A-AA07-4472-AAE4-1B372B9C5C7B}.Debug|x64.ActiveCfg = Debug|Any CPU
		{FAB2D86A-AA07-4472-AAE4-1B372B9C5C7B}.Debug|x64.Build.0 = Debug|Any CPU
		{FAB2D86A-AA07-4472-AAE4-1B372B9C5C7B}.Debug|x86.ActiveCfg = Debug|Any CPU
		{FAB2D86A-AA07-4472-AAE4-1B372B9C5C7B}.Debug|x86.Build.0 = Debug|Any CPU
		{FAB2D86A-AA07-4472-AAE4-1B372B9C5C7B}.Release|Any CPU.ActiveCfg = Release|Any CPU
		{FAB2D86A-AA07-4472-AAE4-1B372B9C5C7B}.Release|Any CPU.Build.0 = Release|Any CPU
		{FAB2D86A-AA07-4472-AAE4-1B372B9C5C7B}.Release|x64.ActiveCfg = Release|Any CPU
		{FAB2D86A-AA07-4472-AAE4-1B372B9C5C7B}.Release|x64.Build.0 = Release|Any CPU
		{FAB2D86A-AA07-4472-AAE4-1B372B9C5C7B}.Release|x86.ActiveCfg = Release|Any CPU
		{FAB2D86A-AA07-4472-AAE4-1B372B9C5C7B}.Release|x86.Build.0 = Release|Any CPU
		{BF0B6A32-4CB6-46B9-8033-33D78DCDA3CC}.Debug|Any CPU.ActiveCfg = Debug|Any CPU
		{BF0B6A32-4CB6-46B9-8033-33D78DCDA3CC}.Debug|Any CPU.Build.0 = Debug|Any CPU
		{BF0B6A32-4CB6-46B9-8033-33D78DCDA3CC}.Debug|x64.ActiveCfg = Debug|Any CPU
		{BF0B6A32-4CB6-46B9-8033-33D78DCDA3CC}.Debug|x64.Build.0 = Debug|Any CPU
		{BF0B6A32-4CB6-46B9-8033-33D78DCDA3CC}.Debug|x86.ActiveCfg = Debug|Any CPU
		{BF0B6A32-4CB6-46B9-8033-33D78DCDA3CC}.Debug|x86.Build.0 = Debug|Any CPU
		{BF0B6A32-4CB6-46B9-8033-33D78DCDA3CC}.Release|Any CPU.ActiveCfg = Release|Any CPU
		{BF0B6A32-4CB6-46B9-8033-33D78DCDA3CC}.Release|Any CPU.Build.0 = Release|Any CPU
		{BF0B6A32-4CB6-46B9-8033-33D78DCDA3CC}.Release|x64.ActiveCfg = Release|Any CPU
		{BF0B6A32-4CB6-46B9-8033-33D78DCDA3CC}.Release|x64.Build.0 = Release|Any CPU
		{BF0B6A32-4CB6-46B9-8033-33D78DCDA3CC}.Release|x86.ActiveCfg = Release|Any CPU
		{BF0B6A32-4CB6-46B9-8033-33D78DCDA3CC}.Release|x86.Build.0 = Release|Any CPU
		{961BE9D6-9020-4512-AD99-C0DCB32CE4FB}.Debug|Any CPU.ActiveCfg = Debug|Any CPU
		{961BE9D6-9020-4512-AD99-C0DCB32CE4FB}.Debug|Any CPU.Build.0 = Debug|Any CPU
		{961BE9D6-9020-4512-AD99-C0DCB32CE4FB}.Debug|x64.ActiveCfg = Debug|Any CPU
		{961BE9D6-9020-4512-AD99-C0DCB32CE4FB}.Debug|x64.Build.0 = Debug|Any CPU
		{961BE9D6-9020-4512-AD99-C0DCB32CE4FB}.Debug|x86.ActiveCfg = Debug|Any CPU
		{961BE9D6-9020-4512-AD99-C0DCB32CE4FB}.Debug|x86.Build.0 = Debug|Any CPU
		{961BE9D6-9020-4512-AD99-C0DCB32CE4FB}.Release|Any CPU.ActiveCfg = Release|Any CPU
		{961BE9D6-9020-4512-AD99-C0DCB32CE4FB}.Release|Any CPU.Build.0 = Release|Any CPU
		{961BE9D6-9020-4512-AD99-C0DCB32CE4FB}.Release|x64.ActiveCfg = Release|Any CPU
		{961BE9D6-9020-4512-AD99-C0DCB32CE4FB}.Release|x64.Build.0 = Release|Any CPU
		{961BE9D6-9020-4512-AD99-C0DCB32CE4FB}.Release|x86.ActiveCfg = Release|Any CPU
		{961BE9D6-9020-4512-AD99-C0DCB32CE4FB}.Release|x86.Build.0 = Release|Any CPU
		{C2818CA5-9DEB-46FD-812B-58EB938B2CBE}.Debug|Any CPU.ActiveCfg = Debug|Any CPU
		{C2818CA5-9DEB-46FD-812B-58EB938B2CBE}.Debug|Any CPU.Build.0 = Debug|Any CPU
		{C2818CA5-9DEB-46FD-812B-58EB938B2CBE}.Debug|x64.ActiveCfg = Debug|Any CPU
		{C2818CA5-9DEB-46FD-812B-58EB938B2CBE}.Debug|x64.Build.0 = Debug|Any CPU
		{C2818CA5-9DEB-46FD-812B-58EB938B2CBE}.Debug|x86.ActiveCfg = Debug|Any CPU
		{C2818CA5-9DEB-46FD-812B-58EB938B2CBE}.Debug|x86.Build.0 = Debug|Any CPU
		{C2818CA5-9DEB-46FD-812B-58EB938B2CBE}.Release|Any CPU.ActiveCfg = Release|Any CPU
		{C2818CA5-9DEB-46FD-812B-58EB938B2CBE}.Release|Any CPU.Build.0 = Release|Any CPU
		{C2818CA5-9DEB-46FD-812B-58EB938B2CBE}.Release|x64.ActiveCfg = Release|Any CPU
		{C2818CA5-9DEB-46FD-812B-58EB938B2CBE}.Release|x64.Build.0 = Release|Any CPU
		{C2818CA5-9DEB-46FD-812B-58EB938B2CBE}.Release|x86.ActiveCfg = Release|Any CPU
		{C2818CA5-9DEB-46FD-812B-58EB938B2CBE}.Release|x86.Build.0 = Release|Any CPU
	EndGlobalSection
	GlobalSection(SolutionProperties) = preSolution
		HideSolutionNode = FALSE
	EndGlobalSection
EndGlobal
